# This file is automatically @generated by Cargo.
# It is not intended for manual editing.
version = 4

[[package]]
name = "hsin"
version = "0.1.0"
dependencies = [
 "hsin-core",
 "hsin-ipc",
]

[[package]]
name = "hsin-core"
version = "0.1.0"

[[package]]
name = "hsin-ipc"
version = "0.1.0"
dependencies = [
 "hsin-core",
]

[[package]]
name = "hsind"
version = "0.1.0"
dependencies = [
 "hsin-core",
 "hsin-ipc",
]
